
Microsoft Visual Studio Solution File, Format Version 12.00
# Visual Studio 14
VisualStudioVersion = 14.0.25420.1
MinimumVisualStudioVersion = 10.0.40219.1
Project("{FAE04EC0-301F-11D3-BF4B-00C04F79EFBC}") = "026 FILE SIZE", "026 FILE SIZE\026 FILE SIZE.csproj", "{9E471789-5420-4EE8-AC18-BFB29FCE935E}"
EndProject
Project("{FAE04EC0-301F-11D3-BF4B-00C04F79EFBC}") = "024 SUM OF INTEGERS FROM FILE", "024 SUM OF INTEGERS FROM FILE\024 SUM OF INTEGERS FROM FILE.csproj", "{980974D3-ECD9-4055-A560-22DDA1CBA09C}"
EndProject
Project("{FAE04EC0-301F-11D3-BF4B-00C04F79EFBC}") = "025 ODD NUMBERS", "025 ODD NUMBERS\025 ODD NUMBERS.csproj", "{292C7C74-194D-41A2-8211-E0D3184727E3}"
EndProject
Project("{FAE04EC0-301F-11D3-BF4B-00C04F79EFBC}") = "027 DECIMAL TO BINARY", "027 DECIMAL TO BINARY\027 DECIMAL TO BINARY.csproj", "{A99FB8B6-04DB-4FE8-BD17-142D4AC0F54C}"
EndProject
Project("{FAE04EC0-301F-11D3-BF4B-00C04F79EFBC}") = "001 FIZZ BUZZ", "001 FIZZ BUZZ\001 FIZZ BUZZ.csproj", "{49A7A420-D50C-4EBA-A8ED-0D5BBD0CDC69}"
EndProject
Project("{FAE04EC0-301F-11D3-BF4B-00C04F79EFBC}") = "002 LONGEST LINES", "002 LONGEST LINES\002 LONGEST LINES.csproj", "{6BBBC651-5B33-4B6B-A011-9C7972AD14AA}"
EndProject
Project("{FAE04EC0-301F-11D3-BF4B-00C04F79EFBC}") = "003 PRIME PALINDROME", "003 PRIME PALINDROME\003 PRIME PALINDROME.csproj", "{D2BF7C03-C0FA-47B4-B57D-932131712178}"
EndProject
Project("{FAE04EC0-301F-11D3-BF4B-00C04F79EFBC}") = "004 SUM OF PRIMES", "004 SUM OF PRIMES\004 SUM OF PRIMES.csproj", "{7421980C-D183-4585-B451-29D5660D0886}"
EndProject
Project("{FAE04EC0-301F-11D3-BF4B-00C04F79EFBC}") = "005 DETECTING CYCLES", "005 DETECTING CYCLES\005 DETECTING CYCLES.csproj", "{7A5FACD1-C6FD-4214-8629-C0DAC6D4662E}"
EndProject
Project("{FAE04EC0-301F-11D3-BF4B-00C04F79EFBC}") = "006 LONGEST COMMON SUBSEQUENCE", "006 LONGEST COMMON SUBSEQUENCE\006 LONGEST COMMON SUBSEQUENCE.csproj", "{4745DA79-D197-4E5B-B6FC-FB57E13E19C4}"
EndProject
Project("{FAE04EC0-301F-11D3-BF4B-00C04F79EFBC}") = "007 PREFIX EXPRESSIONS", "007 PREFIX EXPRESSIONS\007 PREFIX EXPRESSIONS.csproj", "{F3317D4C-128F-4417-B35B-023F5A248974}"
EndProject
Project("{FAE04EC0-301F-11D3-BF4B-00C04F79EFBC}") = "008 REVERSE WORDS", "008 REVERSE WORDS\008 REVERSE WORDS.csproj", "{DA76740F-0B80-4CE0-8A0B-5E1285291D8F}"
EndProject
Project("{FAE04EC0-301F-11D3-BF4B-00C04F79EFBC}") = "009 STACK IMPLEMENTATION", "009 STACK IMPLEMENTATION\009 STACK IMPLEMENTATION.csproj", "{33E47B44-2117-447C-B5E3-652BA3AE3D38}"
EndProject
Global
	GlobalSection(SolutionConfigurationPlatforms) = preSolution
		Debug|Any CPU = Debug|Any CPU
		Release|Any CPU = Release|Any CPU
	EndGlobalSection
	GlobalSection(ProjectConfigurationPlatforms) = postSolution
		{9E471789-5420-4EE8-AC18-BFB29FCE935E}.Debug|Any CPU.ActiveCfg = Debug|Any CPU
		{9E471789-5420-4EE8-AC18-BFB29FCE935E}.Debug|Any CPU.Build.0 = Debug|Any CPU
		{9E471789-5420-4EE8-AC18-BFB29FCE935E}.Release|Any CPU.ActiveCfg = Release|Any CPU
		{9E471789-5420-4EE8-AC18-BFB29FCE935E}.Release|Any CPU.Build.0 = Release|Any CPU
		{980974D3-ECD9-4055-A560-22DDA1CBA09C}.Debug|Any CPU.ActiveCfg = Debug|Any CPU
		{980974D3-ECD9-4055-A560-22DDA1CBA09C}.Debug|Any CPU.Build.0 = Debug|Any CPU
		{980974D3-ECD9-4055-A560-22DDA1CBA09C}.Release|Any CPU.ActiveCfg = Release|Any CPU
		{980974D3-ECD9-4055-A560-22DDA1CBA09C}.Release|Any CPU.Build.0 = Release|Any CPU
		{292C7C74-194D-41A2-8211-E0D3184727E3}.Debug|Any CPU.ActiveCfg = Debug|Any CPU
		{292C7C74-194D-41A2-8211-E0D3184727E3}.Debug|Any CPU.Build.0 = Debug|Any CPU
		{292C7C74-194D-41A2-8211-E0D3184727E3}.Release|Any CPU.ActiveCfg = Release|Any CPU
		{292C7C74-194D-41A2-8211-E0D3184727E3}.Release|Any CPU.Build.0 = Release|Any CPU
		{A99FB8B6-04DB-4FE8-BD17-142D4AC0F54C}.Debug|Any CPU.ActiveCfg = Debug|Any CPU
		{A99FB8B6-04DB-4FE8-BD17-142D4AC0F54C}.Debug|Any CPU.Build.0 = Debug|Any CPU
		{A99FB8B6-04DB-4FE8-BD17-142D4AC0F54C}.Release|Any CPU.ActiveCfg = Release|Any CPU
		{A99FB8B6-04DB-4FE8-BD17-142D4AC0F54C}.Release|Any CPU.Build.0 = Release|Any CPU
		{49A7A420-D50C-4EBA-A8ED-0D5BBD0CDC69}.Debug|Any CPU.ActiveCfg = Debug|Any CPU
		{49A7A420-D50C-4EBA-A8ED-0D5BBD0CDC69}.Debug|Any CPU.Build.0 = Debug|Any CPU
		{49A7A420-D50C-4EBA-A8ED-0D5BBD0CDC69}.Release|Any CPU.ActiveCfg = Release|Any CPU
		{49A7A420-D50C-4EBA-A8ED-0D5BBD0CDC69}.Release|Any CPU.Build.0 = Release|Any CPU
		{6BBBC651-5B33-4B6B-A011-9C7972AD14AA}.Debug|Any CPU.ActiveCfg = Debug|Any CPU
		{6BBBC651-5B33-4B6B-A011-9C7972AD14AA}.Debug|Any CPU.Build.0 = Debug|Any CPU
		{6BBBC651-5B33-4B6B-A011-9C7972AD14AA}.Release|Any CPU.ActiveCfg = Release|Any CPU
		{6BBBC651-5B33-4B6B-A011-9C7972AD14AA}.Release|Any CPU.Build.0 = Release|Any CPU
		{D2BF7C03-C0FA-47B4-B57D-932131712178}.Debug|Any CPU.ActiveCfg = Debug|Any CPU
		{D2BF7C03-C0FA-47B4-B57D-932131712178}.Debug|Any CPU.Build.0 = Debug|Any CPU
		{D2BF7C03-C0FA-47B4-B57D-932131712178}.Release|Any CPU.ActiveCfg = Release|Any CPU
		{D2BF7C03-C0FA-47B4-B57D-932131712178}.Release|Any CPU.Build.0 = Release|Any CPU
		{7421980C-D183-4585-B451-29D5660D0886}.Debug|Any CPU.ActiveCfg = Debug|Any CPU
		{7421980C-D183-4585-B451-29D5660D0886}.Debug|Any CPU.Build.0 = Debug|Any CPU
		{7421980C-D183-4585-B451-29D5660D0886}.Release|Any CPU.ActiveCfg = Release|Any CPU
		{7421980C-D183-4585-B451-29D5660D0886}.Release|Any CPU.Build.0 = Release|Any CPU
		{7A5FACD1-C6FD-4214-8629-C0DAC6D4662E}.Debug|Any CPU.ActiveCfg = Debug|Any CPU
		{7A5FACD1-C6FD-4214-8629-C0DAC6D4662E}.Debug|Any CPU.Build.0 = Debug|Any CPU
		{7A5FACD1-C6FD-4214-8629-C0DAC6D4662E}.Release|Any CPU.ActiveCfg = Release|Any CPU
		{7A5FACD1-C6FD-4214-8629-C0DAC6D4662E}.Release|Any CPU.Build.0 = Release|Any CPU
		{4745DA79-D197-4E5B-B6FC-FB57E13E19C4}.Debug|Any CPU.ActiveCfg = Debug|Any CPU
		{4745DA79-D197-4E5B-B6FC-FB57E13E19C4}.Debug|Any CPU.Build.0 = Debug|Any CPU
		{4745DA79-D197-4E5B-B6FC-FB57E13E19C4}.Release|Any CPU.ActiveCfg = Release|Any CPU
		{4745DA79-D197-4E5B-B6FC-FB57E13E19C4}.Release|Any CPU.Build.0 = Release|Any CPU
		{F3317D4C-128F-4417-B35B-023F5A248974}.Debug|Any CPU.ActiveCfg = Debug|Any CPU
		{F3317D4C-128F-4417-B35B-023F5A248974}.Debug|Any CPU.Build.0 = Debug|Any CPU
		{F3317D4C-128F-4417-B35B-023F5A248974}.Release|Any CPU.ActiveCfg = Release|Any CPU
		{F3317D4C-128F-4417-B35B-023F5A248974}.Release|Any CPU.Build.0 = Release|Any CPU
		{DA76740F-0B80-4CE0-8A0B-5E1285291D8F}.Debug|Any CPU.ActiveCfg = Debug|Any CPU
		{DA76740F-0B80-4CE0-8A0B-5E1285291D8F}.Debug|Any CPU.Build.0 = Debug|Any CPU
		{DA76740F-0B80-4CE0-8A0B-5E1285291D8F}.Release|Any CPU.ActiveCfg = Release|Any CPU
		{DA76740F-0B80-4CE0-8A0B-5E1285291D8F}.Release|Any CPU.Build.0 = Release|Any CPU
		{33E47B44-2117-447C-B5E3-652BA3AE3D38}.Debug|Any CPU.ActiveCfg = Debug|Any CPU
		{33E47B44-2117-447C-B5E3-652BA3AE3D38}.Debug|Any CPU.Build.0 = Debug|Any CPU
		{33E47B44-2117-447C-B5E3-652BA3AE3D38}.Release|Any CPU.ActiveCfg = Release|Any CPU
		{33E47B44-2117-447C-B5E3-652BA3AE3D38}.Release|Any CPU.Build.0 = Release|Any CPU
	EndGlobalSection
	GlobalSection(SolutionProperties) = preSolution
		HideSolutionNode = FALSE
	EndGlobalSection
EndGlobal
