
Microsoft Visual Studio Solution File, Format Version 12.00
# Visual Studio 14
VisualStudioVersion = 14.0.25420.1
MinimumVisualStudioVersion = 10.0.40219.1
Project("{FAE04EC0-301F-11D3-BF4B-00C04F79EFBC}") = "26 FILE SIZE", "26 FILE SIZE\26 FILE SIZE.csproj", "{9E471789-5420-4EE8-AC18-BFB29FCE935E}"
EndProject
Project("{FAE04EC0-301F-11D3-BF4B-00C04F79EFBC}") = "24 SUM OF INTEGERS FROM FILE", "24 SUM OF INTEGERS FROM FILE\24 SUM OF INTEGERS FROM FILE.csproj", "{980974D3-ECD9-4055-A560-22DDA1CBA09C}"
EndProject
Project("{FAE04EC0-301F-11D3-BF4B-00C04F79EFBC}") = "25 ODD NUMBERS", "25 ODD NUMBERS\25 ODD NUMBERS.csproj", "{292C7C74-194D-41A2-8211-E0D3184727E3}"
EndProject
Project("{FAE04EC0-301F-11D3-BF4B-00C04F79EFBC}") = "27 DECIMAL TO BINARY", "27 DECIMAL TO BINARY\27 DECIMAL TO BINARY.csproj", "{A99FB8B6-04DB-4FE8-BD17-142D4AC0F54C}"
EndProject
Project("{FAE04EC0-301F-11D3-BF4B-00C04F79EFBC}") = "1 FIZZ BUZZ", "1 FIZZ BUZZ\1 FIZZ BUZZ.csproj", "{49A7A420-D50C-4EBA-A8ED-0D5BBD0CDC69}"
EndProject
Project("{FAE04EC0-301F-11D3-BF4B-00C04F79EFBC}") = "2 LONGEST LINES", "2 LONGEST LINES\2 LONGEST LINES.csproj", "{6BBBC651-5B33-4B6B-A011-9C7972AD14AA}"
EndProject
Global
	GlobalSection(SolutionConfigurationPlatforms) = preSolution
		Debug|Any CPU = Debug|Any CPU
		Release|Any CPU = Release|Any CPU
	EndGlobalSection
	GlobalSection(ProjectConfigurationPlatforms) = postSolution
		{9E471789-5420-4EE8-AC18-BFB29FCE935E}.Debug|Any CPU.ActiveCfg = Debug|Any CPU
		{9E471789-5420-4EE8-AC18-BFB29FCE935E}.Debug|Any CPU.Build.0 = Debug|Any CPU
		{9E471789-5420-4EE8-AC18-BFB29FCE935E}.Release|Any CPU.ActiveCfg = Release|Any CPU
		{9E471789-5420-4EE8-AC18-BFB29FCE935E}.Release|Any CPU.Build.0 = Release|Any CPU
		{980974D3-ECD9-4055-A560-22DDA1CBA09C}.Debug|Any CPU.ActiveCfg = Debug|Any CPU
		{980974D3-ECD9-4055-A560-22DDA1CBA09C}.Debug|Any CPU.Build.0 = Debug|Any CPU
		{980974D3-ECD9-4055-A560-22DDA1CBA09C}.Release|Any CPU.ActiveCfg = Release|Any CPU
		{980974D3-ECD9-4055-A560-22DDA1CBA09C}.Release|Any CPU.Build.0 = Release|Any CPU
		{292C7C74-194D-41A2-8211-E0D3184727E3}.Debug|Any CPU.ActiveCfg = Debug|Any CPU
		{292C7C74-194D-41A2-8211-E0D3184727E3}.Debug|Any CPU.Build.0 = Debug|Any CPU
		{292C7C74-194D-41A2-8211-E0D3184727E3}.Release|Any CPU.ActiveCfg = Release|Any CPU
		{292C7C74-194D-41A2-8211-E0D3184727E3}.Release|Any CPU.Build.0 = Release|Any CPU
		{A99FB8B6-04DB-4FE8-BD17-142D4AC0F54C}.Debug|Any CPU.ActiveCfg = Debug|Any CPU
		{A99FB8B6-04DB-4FE8-BD17-142D4AC0F54C}.Debug|Any CPU.Build.0 = Debug|Any CPU
		{A99FB8B6-04DB-4FE8-BD17-142D4AC0F54C}.Release|Any CPU.ActiveCfg = Release|Any CPU
		{A99FB8B6-04DB-4FE8-BD17-142D4AC0F54C}.Release|Any CPU.Build.0 = Release|Any CPU
		{49A7A420-D50C-4EBA-A8ED-0D5BBD0CDC69}.Debug|Any CPU.ActiveCfg = Debug|Any CPU
		{49A7A420-D50C-4EBA-A8ED-0D5BBD0CDC69}.Debug|Any CPU.Build.0 = Debug|Any CPU
		{49A7A420-D50C-4EBA-A8ED-0D5BBD0CDC69}.Release|Any CPU.ActiveCfg = Release|Any CPU
		{49A7A420-D50C-4EBA-A8ED-0D5BBD0CDC69}.Release|Any CPU.Build.0 = Release|Any CPU
		{6BBBC651-5B33-4B6B-A011-9C7972AD14AA}.Debug|Any CPU.ActiveCfg = Debug|Any CPU
		{6BBBC651-5B33-4B6B-A011-9C7972AD14AA}.Debug|Any CPU.Build.0 = Debug|Any CPU
		{6BBBC651-5B33-4B6B-A011-9C7972AD14AA}.Release|Any CPU.ActiveCfg = Release|Any CPU
		{6BBBC651-5B33-4B6B-A011-9C7972AD14AA}.Release|Any CPU.Build.0 = Release|Any CPU
	EndGlobalSection
	GlobalSection(SolutionProperties) = preSolution
		HideSolutionNode = FALSE
	EndGlobalSection
EndGlobal
